{
  "nodes": {
    "nixpkgs": {
      "locked": {
        "lastModified": 1789006805,
        "narHash": "sha256-xB8mKMOx1IA9vTDNLmJZ6n4wCMq/cuWBBOzGCRnqxrU=",
        "owner": "NixOS",
        "repo": "nixpkgs",
        "rev": "8ce4ef6cb6f871616146b9fe26d2a5ae594e94fe",
        "type": "github"
      },
      "original": {
        "owner": "NixOS",
        "ref": "nixos-unstable",
        "repo": "nixpkgs",
        "type": "github"
      }
    },
    "root": {
      "inputs": {
        "nixpkgs": "nixpkgs",
        "thattem-nixos-options": "thattem-nixos-options",
        "thattem-nixpkgs-overlays": "thattem-nixpkgs-overlays"
      }
    },
    "thattem-nixos-options": {
      "locked": {
        "lastModified": 1789051223,
        "narHash": "sha256-bkdQHzpbqrfWtZxvisGAAMbSo2FTw+4+zkAA8Yo+rMs=",
        "owner": "thattemperature",
        "repo": "thattem-nixos-options",
        "rev": "7debf1b7a7d6b9e7cc876630e114bad8a101d888",
        "type": "github"
      },
      "original": {
        "owner": "thattemperature",
        "repo": "thattem-nixos-options",
        "type": "github"
      }
    },
    "thattem-nixpkgs-overlays": {
      "locked": {
        "lastModified": 1789009070,
        "narHash": "sha256-8EiChYPl2fOIvoYH8a9JmxrjrbWGiRMe2zar0jVX1Ao=",
        "owner": "thattemperature",
        "repo": "thattem-nixpkgs-overlays",
        "rev": "cc556a4df193dcc0be95208dfdfe91861104c5d7",
        "type": "github"
      },
      "original": {
        "owner": "thattemperature",
        "repo": "thattem-nixpkgs-overlays",
        "type": "github"
      }
    }
  },
  "root": "root",
  "version": 7
}
