{
  "nodes": {
    "nixpkgs": {
      "locked": {
        "lastModified": 1785828668,
        "narHash": "sha256-8fsyqeO+mJqvIzeO4xIpgJe/f7MTbbVTEC6RT6WSXNs=",
        "owner": "NixOS",
        "repo": "nixpkgs",
        "rev": "e72e4f299401a3689d4b3d5fc6496b11db7064eb",
        "type": "github"
      },
      "original": {
        "owner": "NixOS",
        "ref": "nixos-unstable",
        "repo": "nixpkgs",
        "type": "github"
      }
    },
    "root": {
      "inputs": {
        "nixpkgs": "nixpkgs",
        "thattem-nixos-options": "thattem-nixos-options",
        "thattem-nixpkgs-overlays": "thattem-nixpkgs-overlays"
      }
    },
    "thattem-nixos-options": {
      "locked": {
        "lastModified": 1781106061,
        "narHash": "sha256-/Eu8VIwJ169KfHPGvpvMGbjGWfZ36AZHfej1Nf3FYTE=",
        "owner": "thattemperature",
        "repo": "thattem-nixos-options",
        "rev": "9e020fa68f36d85c80d5f8f201041421ee81147d",
        "type": "github"
      },
      "original": {
        "owner": "thattemperature",
        "repo": "thattem-nixos-options",
        "type": "github"
      }
    },
    "thattem-nixpkgs-overlays": {
      "locked": {
        "lastModified": 1785500817,
        "narHash": "sha256-7akQoPz75DmYqkFiUkDFb99I/YD9UgwY6fDU8frxAvo=",
        "owner": "thattemperature",
        "repo": "thattem-nixpkgs-overlays",
        "rev": "971ac16f645362db855a09f93812ba938f2e92f2",
        "type": "github"
      },
      "original": {
        "owner": "thattemperature",
        "repo": "thattem-nixpkgs-overlays",
        "type": "github"
      }
    }
  },
  "root": "root",
  "version": 7
}
