{
  "nodes": {
    "nixpkgs": {
      "locked": {
        "lastModified": 1786599213,
        "narHash": "sha256-yNJd40f11EzXBjSByCB7IPpeFFAdeoSKKM67dGkfFoU=",
        "owner": "NixOS",
        "repo": "nixpkgs",
        "rev": "0e251e24a4f24e036a084b6b4b2d2491af4167f4",
        "type": "github"
      },
      "original": {
        "owner": "NixOS",
        "ref": "nixos-unstable",
        "repo": "nixpkgs",
        "type": "github"
      }
    },
    "root": {
      "inputs": {
        "nixpkgs": "nixpkgs",
        "thattem-nixos-options": "thattem-nixos-options",
        "thattem-nixpkgs-overlays": "thattem-nixpkgs-overlays"
      }
    },
    "thattem-nixos-options": {
      "locked": {
        "lastModified": 1781106061,
        "narHash": "sha256-/Eu8VIwJ169KfHPGvpvMGbjGWfZ36AZHfej1Nf3FYTE=",
        "owner": "thattemperature",
        "repo": "thattem-nixos-options",
        "rev": "9e020fa68f36d85c80d5f8f201041421ee81147d",
        "type": "github"
      },
      "original": {
        "owner": "thattemperature",
        "repo": "thattem-nixos-options",
        "type": "github"
      }
    },
    "thattem-nixpkgs-overlays": {
      "locked": {
        "lastModified": 1786528261,
        "narHash": "sha256-Qrz13NNwFsxOh5UMlfLITbO9ghm4msOe5lCqR4sE70E=",
        "owner": "thattemperature",
        "repo": "thattem-nixpkgs-overlays",
        "rev": "c0284a493ad58a8be78ddeb2f7a2c0d3fda9f1b3",
        "type": "github"
      },
      "original": {
        "owner": "thattemperature",
        "repo": "thattem-nixpkgs-overlays",
        "type": "github"
      }
    }
  },
  "root": "root",
  "version": 7
}
